
Microsoft Visual Studio Solution File, Format Version 12.00
# Visual Studio Version 17
VisualStudioVersion = 17.3.32922.545
MinimumVisualStudioVersion = 10.0.40219.1
Project("{888888A0-9F3D-457C-B088-3A5042F75D52}") = "SODV-YOLOv3", "SODV-YOLOv3.pyproj", "{5CEDB285-DB22-4811-BDE6-3ADB8581E5BF}"
EndProject
Global
	GlobalSection(SolutionConfigurationPlatforms) = preSolution
		Debug|Any CPU = Debug|Any CPU
		Release|Any CPU = Release|Any CPU
	EndGlobalSection
	GlobalSection(ProjectConfigurationPlatforms) = postSolution
		{5CEDB285-DB22-4811-BDE6-3ADB8581E5BF}.Debug|Any CPU.ActiveCfg = Debug|Any CPU
		{5CEDB285-DB22-4811-BDE6-3ADB8581E5BF}.Release|Any CPU.ActiveCfg = Release|Any CPU
	EndGlobalSection
	GlobalSection(SolutionProperties) = preSolution
		HideSolutionNode = FALSE
	EndGlobalSection
	GlobalSection(ExtensibilityGlobals) = postSolution
		SolutionGuid = {54643009-889D-4470-B660-9C0CC206FF32}
	EndGlobalSection
EndGlobal
